
Microsoft Visual Studio Solution File, Format Version 11.00
# Visual C++ Express 2010
Project("{8BC9CEB8-8B4A-11D0-8D11-00A0C91BC942}") = "t4c1e1", "t4c1e1\t4c1e1.vcxproj", "{1383D948-36F7-4B06-8710-2CACDC6B30E9}"
EndProject
Project("{8BC9CEB8-8B4A-11D0-8D11-00A0C91BC942}") = "t1c2e1", "t1c2e1\t1c2e1.vcxproj", "{8BD44B5F-903F-48FF-936F-3BC9BDA30521}"
EndProject
Project("{8BC9CEB8-8B4A-11D0-8D11-00A0C91BC942}") = "t4c1e2", "t4c1e2\t4c1e2.vcxproj", "{3B795768-C01D-4DBD-BF08-3820B3A7B6A0}"
EndProject
Project("{8BC9CEB8-8B4A-11D0-8D11-00A0C91BC942}") = "apuntadores", "apuntadores\apuntadores.vcxproj", "{C23BD334-72E8-4897-9D30-7CA2211916AF}"
EndProject
Project("{8BC9CEB8-8B4A-11D0-8D11-00A0C91BC942}") = "t5c1e1", "t5c1e1\t5c1e1.vcxproj", "{F742DE19-44F3-4B40-A1C7-B27828F0ABB3}"
EndProject
Project("{8BC9CEB8-8B4A-11D0-8D11-00A0C91BC942}") = "t5c2e1", "t5c2e1\t5c2e1.vcxproj", "{40173575-58B1-4515-B725-4192E4CD767D}"
EndProject
Project("{8BC9CEB8-8B4A-11D0-8D11-00A0C91BC942}") = "sobrecarga_operadores", "sobrecarga_operadores\sobrecarga_operadores.vcxproj", "{FBCF7BB3-1B3C-47E5-8DF0-E92B26F86BC0}"
EndProject
Project("{8BC9CEB8-8B4A-11D0-8D11-00A0C91BC942}") = "EP2", "EP2\EP2.vcxproj", "{76E808CD-9835-485F-A3B3-6069CF50E1AE}"
EndProject
Project("{8BC9CEB8-8B4A-11D0-8D11-00A0C91BC942}") = "t6c1e1", "t6c1e1\t6c1e1.vcxproj", "{E7FD383E-14E8-436D-A8B4-CD884015250C}"
EndProject
Project("{8BC9CEB8-8B4A-11D0-8D11-00A0C91BC942}") = "t6c2e1", "t6c2e1\t6c2e1.vcxproj", "{E51F4BCB-24B1-4C4E-950B-56FC40B26B9F}"
EndProject
Project("{8BC9CEB8-8B4A-11D0-8D11-00A0C91BC942}") = "t6c3e1", "t6c3e1\t6c3e1.vcxproj", "{E0F5C0E8-487C-4A55-B584-C4A5FE47CF29}"
EndProject
Project("{8BC9CEB8-8B4A-11D0-8D11-00A0C91BC942}") = "t7c1e1", "t7c1e1\t7c1e1.vcxproj", "{D4200D8B-F13A-4EAD-84FB-69E907E81633}"
EndProject
Project("{8BC9CEB8-8B4A-11D0-8D11-00A0C91BC942}") = "Asesoria 24-03-2011", "Asesoria 24-03-2011\Asesoria 24-03-2011.vcxproj", "{AA5792F2-728C-4BFF-AD7E-9DDCAD8FCA1E}"
EndProject
Project("{8BC9CEB8-8B4A-11D0-8D11-00A0C91BC942}") = "t8c1e1", "t8c1e1\t8c1e1.vcxproj", "{C5A0F7AE-C96F-4F6A-B5B7-EA9BEF20BAAB}"
EndProject
Project("{8BC9CEB8-8B4A-11D0-8D11-00A0C91BC942}") = "t8c1e2", "t8c1e2\t8c1e2.vcxproj", "{425C63DD-182A-45AE-9F20-744E326AF616}"
EndProject
Project("{8BC9CEB8-8B4A-11D0-8D11-00A0C91BC942}") = "t8c2e1", "t8c2e1\t8c2e1.vcxproj", "{A7C367EE-BB30-477F-A76C-AB6F444439FF}"
EndProject
Project("{8BC9CEB8-8B4A-11D0-8D11-00A0C91BC942}") = "t8c2e2", "t8c2e2\t8c2e2.vcxproj", "{9A7BF5CC-5EE8-4B03-BA9F-F6023808093B}"
EndProject
Project("{8BC9CEB8-8B4A-11D0-8D11-00A0C91BC942}") = "EP3", "EP3\EP3.vcxproj", "{4582366A-D496-4674-9150-75855E47E5AA}"
EndProject
Project("{8BC9CEB8-8B4A-11D0-8D11-00A0C91BC942}") = "t8c3e1", "t8c3e1\t8c3e1.vcxproj", "{387124DD-B646-4542-892E-198D1A44DF38}"
EndProject
Project("{8BC9CEB8-8B4A-11D0-8D11-00A0C91BC942}") = "t8c3e2", "t8c3e2\t8c3e2.vcxproj", "{1069CAD4-2B2B-4E49-98B3-A27AFFA55BDE}"
EndProject
Project("{8BC9CEB8-8B4A-11D0-8D11-00A0C91BC942}") = "sobrecarga_herencia", "sobrecarga_herencia\sobrecarga_herencia.vcxproj", "{D1C22E8D-5A9A-427B-A640-A6A4BCA88D29}"
EndProject
Project("{8BC9CEB8-8B4A-11D0-8D11-00A0C91BC942}") = "t8c4e1", "t8c4e1\t8c4e1.vcxproj", "{BA7FA81F-D62E-4C19-AC6B-8675A1CAB2CF}"
EndProject
Project("{8BC9CEB8-8B4A-11D0-8D11-00A0C91BC942}") = "t9c1e1", "t9c1e1\t9c1e1.vcxproj", "{12538C39-C870-4BF4-A5E3-4772E57E0F4E}"
EndProject
Project("{8BC9CEB8-8B4A-11D0-8D11-00A0C91BC942}") = "t9c2e1", "t9c2e1\t9c2e1.vcxproj", "{79475E3C-AE0B-4DE2-B87A-6B9B02FA325E}"
EndProject
Project("{8BC9CEB8-8B4A-11D0-8D11-00A0C91BC942}") = "t2c1e1", "t2c1e1\c3e1.vcxproj", "{EF6897F6-3B2E-4170-8273-8DDAAEE7755E}"
EndProject
Project("{8BC9CEB8-8B4A-11D0-8D11-00A0C91BC942}") = "t2c2e1", "t2c2e1\c4e1.vcxproj", "{118ABA7A-AC48-4830-9D92-7D2AB71066D9}"
EndProject
Project("{8BC9CEB8-8B4A-11D0-8D11-00A0C91BC942}") = "t2c3e1", "t2c3e1\c5e1.vcxproj", "{53F2EDCE-120D-46C4-9406-75CD5DFDBD56}"
EndProject
Project("{8BC9CEB8-8B4A-11D0-8D11-00A0C91BC942}") = "t3c1e1", "t3c1e1\c7e1.vcxproj", "{8D5B68BA-C79A-46A2-92EB-986400FAECF3}"
EndProject
Project("{8BC9CEB8-8B4A-11D0-8D11-00A0C91BC942}") = "t3c2e1", "t3c2e1\c9e1.vcxproj", "{0AA99A54-AF67-4DF8-8260-E0F3AB92D75E}"
EndProject
Project("{8BC9CEB8-8B4A-11D0-8D11-00A0C91BC942}") = "t3c2e2", "t3c2e2\c10e1.vcxproj", "{399AF1A3-8ADF-44B5-808D-60E433D91EB7}"
EndProject
Global
	GlobalSection(SolutionConfigurationPlatforms) = preSolution
		Debug|Win32 = Debug|Win32
		Release|Win32 = Release|Win32
	EndGlobalSection
	GlobalSection(ProjectConfigurationPlatforms) = postSolution
		{1383D948-36F7-4B06-8710-2CACDC6B30E9}.Debug|Win32.ActiveCfg = Debug|Win32
		{1383D948-36F7-4B06-8710-2CACDC6B30E9}.Debug|Win32.Build.0 = Debug|Win32
		{1383D948-36F7-4B06-8710-2CACDC6B30E9}.Release|Win32.ActiveCfg = Release|Win32
		{1383D948-36F7-4B06-8710-2CACDC6B30E9}.Release|Win32.Build.0 = Release|Win32
		{8BD44B5F-903F-48FF-936F-3BC9BDA30521}.Debug|Win32.ActiveCfg = Debug|Win32
		{8BD44B5F-903F-48FF-936F-3BC9BDA30521}.Debug|Win32.Build.0 = Debug|Win32
		{8BD44B5F-903F-48FF-936F-3BC9BDA30521}.Release|Win32.ActiveCfg = Release|Win32
		{8BD44B5F-903F-48FF-936F-3BC9BDA30521}.Release|Win32.Build.0 = Release|Win32
		{3B795768-C01D-4DBD-BF08-3820B3A7B6A0}.Debug|Win32.ActiveCfg = Debug|Win32
		{3B795768-C01D-4DBD-BF08-3820B3A7B6A0}.Debug|Win32.Build.0 = Debug|Win32
		{3B795768-C01D-4DBD-BF08-3820B3A7B6A0}.Release|Win32.ActiveCfg = Release|Win32
		{3B795768-C01D-4DBD-BF08-3820B3A7B6A0}.Release|Win32.Build.0 = Release|Win32
		{C23BD334-72E8-4897-9D30-7CA2211916AF}.Debug|Win32.ActiveCfg = Debug|Win32
		{C23BD334-72E8-4897-9D30-7CA2211916AF}.Debug|Win32.Build.0 = Debug|Win32
		{C23BD334-72E8-4897-9D30-7CA2211916AF}.Release|Win32.ActiveCfg = Release|Win32
		{C23BD334-72E8-4897-9D30-7CA2211916AF}.Release|Win32.Build.0 = Release|Win32
		{F742DE19-44F3-4B40-A1C7-B27828F0ABB3}.Debug|Win32.ActiveCfg = Debug|Win32
		{F742DE19-44F3-4B40-A1C7-B27828F0ABB3}.Debug|Win32.Build.0 = Debug|Win32
		{F742DE19-44F3-4B40-A1C7-B27828F0ABB3}.Release|Win32.ActiveCfg = Release|Win32
		{F742DE19-44F3-4B40-A1C7-B27828F0ABB3}.Release|Win32.Build.0 = Release|Win32
		{40173575-58B1-4515-B725-4192E4CD767D}.Debug|Win32.ActiveCfg = Debug|Win32
		{40173575-58B1-4515-B725-4192E4CD767D}.Debug|Win32.Build.0 = Debug|Win32
		{40173575-58B1-4515-B725-4192E4CD767D}.Release|Win32.ActiveCfg = Release|Win32
		{40173575-58B1-4515-B725-4192E4CD767D}.Release|Win32.Build.0 = Release|Win32
		{FBCF7BB3-1B3C-47E5-8DF0-E92B26F86BC0}.Debug|Win32.ActiveCfg = Debug|Win32
		{FBCF7BB3-1B3C-47E5-8DF0-E92B26F86BC0}.Debug|Win32.Build.0 = Debug|Win32
		{FBCF7BB3-1B3C-47E5-8DF0-E92B26F86BC0}.Release|Win32.ActiveCfg = Release|Win32
		{FBCF7BB3-1B3C-47E5-8DF0-E92B26F86BC0}.Release|Win32.Build.0 = Release|Win32
		{76E808CD-9835-485F-A3B3-6069CF50E1AE}.Debug|Win32.ActiveCfg = Debug|Win32
		{76E808CD-9835-485F-A3B3-6069CF50E1AE}.Debug|Win32.Build.0 = Debug|Win32
		{76E808CD-9835-485F-A3B3-6069CF50E1AE}.Release|Win32.ActiveCfg = Release|Win32
		{76E808CD-9835-485F-A3B3-6069CF50E1AE}.Release|Win32.Build.0 = Release|Win32
		{E7FD383E-14E8-436D-A8B4-CD884015250C}.Debug|Win32.ActiveCfg = Debug|Win32
		{E7FD383E-14E8-436D-A8B4-CD884015250C}.Debug|Win32.Build.0 = Debug|Win32
		{E7FD383E-14E8-436D-A8B4-CD884015250C}.Release|Win32.ActiveCfg = Release|Win32
		{E7FD383E-14E8-436D-A8B4-CD884015250C}.Release|Win32.Build.0 = Release|Win32
		{E51F4BCB-24B1-4C4E-950B-56FC40B26B9F}.Debug|Win32.ActiveCfg = Debug|Win32
		{E51F4BCB-24B1-4C4E-950B-56FC40B26B9F}.Debug|Win32.Build.0 = Debug|Win32
		{E51F4BCB-24B1-4C4E-950B-56FC40B26B9F}.Release|Win32.ActiveCfg = Release|Win32
		{E51F4BCB-24B1-4C4E-950B-56FC40B26B9F}.Release|Win32.Build.0 = Release|Win32
		{E0F5C0E8-487C-4A55-B584-C4A5FE47CF29}.Debug|Win32.ActiveCfg = Debug|Win32
		{E0F5C0E8-487C-4A55-B584-C4A5FE47CF29}.Debug|Win32.Build.0 = Debug|Win32
		{E0F5C0E8-487C-4A55-B584-C4A5FE47CF29}.Release|Win32.ActiveCfg = Release|Win32
		{E0F5C0E8-487C-4A55-B584-C4A5FE47CF29}.Release|Win32.Build.0 = Release|Win32
		{D4200D8B-F13A-4EAD-84FB-69E907E81633}.Debug|Win32.ActiveCfg = Debug|Win32
		{D4200D8B-F13A-4EAD-84FB-69E907E81633}.Debug|Win32.Build.0 = Debug|Win32
		{D4200D8B-F13A-4EAD-84FB-69E907E81633}.Release|Win32.ActiveCfg = Release|Win32
		{D4200D8B-F13A-4EAD-84FB-69E907E81633}.Release|Win32.Build.0 = Release|Win32
		{AA5792F2-728C-4BFF-AD7E-9DDCAD8FCA1E}.Debug|Win32.ActiveCfg = Debug|Win32
		{AA5792F2-728C-4BFF-AD7E-9DDCAD8FCA1E}.Debug|Win32.Build.0 = Debug|Win32
		{AA5792F2-728C-4BFF-AD7E-9DDCAD8FCA1E}.Release|Win32.ActiveCfg = Release|Win32
		{AA5792F2-728C-4BFF-AD7E-9DDCAD8FCA1E}.Release|Win32.Build.0 = Release|Win32
		{C5A0F7AE-C96F-4F6A-B5B7-EA9BEF20BAAB}.Debug|Win32.ActiveCfg = Debug|Win32
		{C5A0F7AE-C96F-4F6A-B5B7-EA9BEF20BAAB}.Debug|Win32.Build.0 = Debug|Win32
		{C5A0F7AE-C96F-4F6A-B5B7-EA9BEF20BAAB}.Release|Win32.ActiveCfg = Release|Win32
		{C5A0F7AE-C96F-4F6A-B5B7-EA9BEF20BAAB}.Release|Win32.Build.0 = Release|Win32
		{425C63DD-182A-45AE-9F20-744E326AF616}.Debug|Win32.ActiveCfg = Debug|Win32
		{425C63DD-182A-45AE-9F20-744E326AF616}.Debug|Win32.Build.0 = Debug|Win32
		{425C63DD-182A-45AE-9F20-744E326AF616}.Release|Win32.ActiveCfg = Release|Win32
		{425C63DD-182A-45AE-9F20-744E326AF616}.Release|Win32.Build.0 = Release|Win32
		{A7C367EE-BB30-477F-A76C-AB6F444439FF}.Debug|Win32.ActiveCfg = Debug|Win32
		{A7C367EE-BB30-477F-A76C-AB6F444439FF}.Debug|Win32.Build.0 = Debug|Win32
		{A7C367EE-BB30-477F-A76C-AB6F444439FF}.Release|Win32.ActiveCfg = Release|Win32
		{A7C367EE-BB30-477F-A76C-AB6F444439FF}.Release|Win32.Build.0 = Release|Win32
		{9A7BF5CC-5EE8-4B03-BA9F-F6023808093B}.Debug|Win32.ActiveCfg = Debug|Win32
		{9A7BF5CC-5EE8-4B03-BA9F-F6023808093B}.Debug|Win32.Build.0 = Debug|Win32
		{9A7BF5CC-5EE8-4B03-BA9F-F6023808093B}.Release|Win32.ActiveCfg = Release|Win32
		{9A7BF5CC-5EE8-4B03-BA9F-F6023808093B}.Release|Win32.Build.0 = Release|Win32
		{4582366A-D496-4674-9150-75855E47E5AA}.Debug|Win32.ActiveCfg = Debug|Win32
		{4582366A-D496-4674-9150-75855E47E5AA}.Debug|Win32.Build.0 = Debug|Win32
		{4582366A-D496-4674-9150-75855E47E5AA}.Release|Win32.ActiveCfg = Release|Win32
		{4582366A-D496-4674-9150-75855E47E5AA}.Release|Win32.Build.0 = Release|Win32
		{387124DD-B646-4542-892E-198D1A44DF38}.Debug|Win32.ActiveCfg = Debug|Win32
		{387124DD-B646-4542-892E-198D1A44DF38}.Debug|Win32.Build.0 = Debug|Win32
		{387124DD-B646-4542-892E-198D1A44DF38}.Release|Win32.ActiveCfg = Release|Win32
		{387124DD-B646-4542-892E-198D1A44DF38}.Release|Win32.Build.0 = Release|Win32
		{1069CAD4-2B2B-4E49-98B3-A27AFFA55BDE}.Debug|Win32.ActiveCfg = Debug|Win32
		{1069CAD4-2B2B-4E49-98B3-A27AFFA55BDE}.Debug|Win32.Build.0 = Debug|Win32
		{1069CAD4-2B2B-4E49-98B3-A27AFFA55BDE}.Release|Win32.ActiveCfg = Release|Win32
		{1069CAD4-2B2B-4E49-98B3-A27AFFA55BDE}.Release|Win32.Build.0 = Release|Win32
		{D1C22E8D-5A9A-427B-A640-A6A4BCA88D29}.Debug|Win32.ActiveCfg = Debug|Win32
		{D1C22E8D-5A9A-427B-A640-A6A4BCA88D29}.Debug|Win32.Build.0 = Debug|Win32
		{D1C22E8D-5A9A-427B-A640-A6A4BCA88D29}.Release|Win32.ActiveCfg = Release|Win32
		{D1C22E8D-5A9A-427B-A640-A6A4BCA88D29}.Release|Win32.Build.0 = Release|Win32
		{BA7FA81F-D62E-4C19-AC6B-8675A1CAB2CF}.Debug|Win32.ActiveCfg = Debug|Win32
		{BA7FA81F-D62E-4C19-AC6B-8675A1CAB2CF}.Debug|Win32.Build.0 = Debug|Win32
		{BA7FA81F-D62E-4C19-AC6B-8675A1CAB2CF}.Release|Win32.ActiveCfg = Release|Win32
		{BA7FA81F-D62E-4C19-AC6B-8675A1CAB2CF}.Release|Win32.Build.0 = Release|Win32
		{12538C39-C870-4BF4-A5E3-4772E57E0F4E}.Debug|Win32.ActiveCfg = Debug|Win32
		{12538C39-C870-4BF4-A5E3-4772E57E0F4E}.Debug|Win32.Build.0 = Debug|Win32
		{12538C39-C870-4BF4-A5E3-4772E57E0F4E}.Release|Win32.ActiveCfg = Release|Win32
		{12538C39-C870-4BF4-A5E3-4772E57E0F4E}.Release|Win32.Build.0 = Release|Win32
		{79475E3C-AE0B-4DE2-B87A-6B9B02FA325E}.Debug|Win32.ActiveCfg = Debug|Win32
		{79475E3C-AE0B-4DE2-B87A-6B9B02FA325E}.Debug|Win32.Build.0 = Debug|Win32
		{79475E3C-AE0B-4DE2-B87A-6B9B02FA325E}.Release|Win32.ActiveCfg = Release|Win32
		{79475E3C-AE0B-4DE2-B87A-6B9B02FA325E}.Release|Win32.Build.0 = Release|Win32
		{EF6897F6-3B2E-4170-8273-8DDAAEE7755E}.Debug|Win32.ActiveCfg = Debug|Win32
		{EF6897F6-3B2E-4170-8273-8DDAAEE7755E}.Debug|Win32.Build.0 = Debug|Win32
		{EF6897F6-3B2E-4170-8273-8DDAAEE7755E}.Release|Win32.ActiveCfg = Release|Win32
		{EF6897F6-3B2E-4170-8273-8DDAAEE7755E}.Release|Win32.Build.0 = Release|Win32
		{118ABA7A-AC48-4830-9D92-7D2AB71066D9}.Debug|Win32.ActiveCfg = Debug|Win32
		{118ABA7A-AC48-4830-9D92-7D2AB71066D9}.Debug|Win32.Build.0 = Debug|Win32
		{118ABA7A-AC48-4830-9D92-7D2AB71066D9}.Release|Win32.ActiveCfg = Release|Win32
		{118ABA7A-AC48-4830-9D92-7D2AB71066D9}.Release|Win32.Build.0 = Release|Win32
		{53F2EDCE-120D-46C4-9406-75CD5DFDBD56}.Debug|Win32.ActiveCfg = Debug|Win32
		{53F2EDCE-120D-46C4-9406-75CD5DFDBD56}.Debug|Win32.Build.0 = Debug|Win32
		{53F2EDCE-120D-46C4-9406-75CD5DFDBD56}.Release|Win32.ActiveCfg = Release|Win32
		{53F2EDCE-120D-46C4-9406-75CD5DFDBD56}.Release|Win32.Build.0 = Release|Win32
		{8D5B68BA-C79A-46A2-92EB-986400FAECF3}.Debug|Win32.ActiveCfg = Debug|Win32
		{8D5B68BA-C79A-46A2-92EB-986400FAECF3}.Debug|Win32.Build.0 = Debug|Win32
		{8D5B68BA-C79A-46A2-92EB-986400FAECF3}.Release|Win32.ActiveCfg = Release|Win32
		{8D5B68BA-C79A-46A2-92EB-986400FAECF3}.Release|Win32.Build.0 = Release|Win32
		{0AA99A54-AF67-4DF8-8260-E0F3AB92D75E}.Debug|Win32.ActiveCfg = Debug|Win32
		{0AA99A54-AF67-4DF8-8260-E0F3AB92D75E}.Debug|Win32.Build.0 = Debug|Win32
		{0AA99A54-AF67-4DF8-8260-E0F3AB92D75E}.Release|Win32.ActiveCfg = Release|Win32
		{0AA99A54-AF67-4DF8-8260-E0F3AB92D75E}.Release|Win32.Build.0 = Release|Win32
		{399AF1A3-8ADF-44B5-808D-60E433D91EB7}.Debug|Win32.ActiveCfg = Debug|Win32
		{399AF1A3-8ADF-44B5-808D-60E433D91EB7}.Debug|Win32.Build.0 = Debug|Win32
		{399AF1A3-8ADF-44B5-808D-60E433D91EB7}.Release|Win32.ActiveCfg = Release|Win32
		{399AF1A3-8ADF-44B5-808D-60E433D91EB7}.Release|Win32.Build.0 = Release|Win32
	EndGlobalSection
	GlobalSection(SolutionProperties) = preSolution
		HideSolutionNode = FALSE
	EndGlobalSection
EndGlobal
